
Microsoft Visual Studio Solution File, Format Version 12.00
# Visual Studio 15
VisualStudioVersion = 15.0.27004.2009
MinimumVisualStudioVersion = 10.0.40219.1
Project("{FAE04EC0-301F-11D3-BF4B-00C04F79EFBC}") = "HW_2.9_25.06", "HW_2.9_25.06\HW_2.9_25.06.csproj", "{C867D571-7BDD-44E0-9AEF-24FFE163D8C9}"
EndProject
Global
	GlobalSection(SolutionConfigurationPlatforms) = preSolution
		Debug|Any CPU = Debug|Any CPU
		Release|Any CPU = Release|Any CPU
	EndGlobalSection
	GlobalSection(ProjectConfigurationPlatforms) = postSolution
		{C867D571-7BDD-44E0-9AEF-24FFE163D8C9}.Debug|Any CPU.ActiveCfg = Debug|Any CPU
		{C867D571-7BDD-44E0-9AEF-24FFE163D8C9}.Debug|Any CPU.Build.0 = Debug|Any CPU
		{C867D571-7BDD-44E0-9AEF-24FFE163D8C9}.Release|Any CPU.ActiveCfg = Release|Any CPU
		{C867D571-7BDD-44E0-9AEF-24FFE163D8C9}.Release|Any CPU.Build.0 = Release|Any CPU
	EndGlobalSection
	GlobalSection(SolutionProperties) = preSolution
		HideSolutionNode = FALSE
	EndGlobalSection
	GlobalSection(ExtensibilityGlobals) = postSolution
		SolutionGuid = {45A7321E-7104-43B8-88F0-75591ED0014E}
	EndGlobalSection
EndGlobal
